# This file is automatically @generated by Cargo.
# It is not intended for manual editing.
version = 4

[[package]]
name = "ferrochart"
version = "0.0.1"

[[package]]
name = "ferrochart-cdr"
version = "0.0.1"

[[package]]
name = "ferrochart-compile"
version = "0.0.1"

[[package]]
name = "ferrochart-form"
version = "0.0.1"

[[package]]
name = "ferrochart-overlay"
version = "0.0.1"

[[package]]
name = "ferrochart-renderer"
version = "0.0.1"

[[package]]
name = "ferrochart-server"
version = "0.0.1"

[[package]]
name = "ferrochart-term"
version = "0.0.1"
